<?xml version="1.0" encoding="utf-8"?>
<Project ToolsVersion="4.0" xmlns="http://schemas.microsoft.com/developer/msbuild/2003">
  <ItemGroup>
    <Filter Include="Libraries">
      <UniqueIdentifier>{0259E1F6-6EC3-956D-B701-471323AB73C2}</UniqueIdentifier>
    </Filter>
    <Filter Include="Libraries\include">
      <UniqueIdentifier>{7562B06E-E178-AE04-2AF0-392696457F8C}</UniqueIdentifier>
    </Filter>
    <Filter Include="Libraries\include\fmt">
      <UniqueIdentifier>{2B1B723C-9787-2D37-607B-C594CCA64F9F}</UniqueIdentifier>
    </Filter>
    <Filter Include="Libraries\include\fmt\src">
      <UniqueIdentifier>{C2762D11-2E39-619B-77E9-EF27E3EA3979}</UniqueIdentifier>
    </Filter>
    <Filter Include="Libraries\include\imgui">
      <UniqueIdentifier>{9FB39B21-0BEB-E3B8-14F5-47DC80AB0AB2}</UniqueIdentifier>
    </Filter>
    <Filter Include="Libraries\include\imgui\backends">
      <UniqueIdentifier>{A9B09AF3-9501-8635-BE65-74F7AA15199F}</UniqueIdentifier>
    </Filter>
    <Filter Include="Libraries\include\imgui\misc">
      <UniqueIdentifier>{DAE1575C-C69C-4708-6F54-C0525BEE9198}</UniqueIdentifier>
    </Filter>
    <Filter Include="Libraries\include\imgui\misc\cpp">
      <UniqueIdentifier>{ACB8E4A6-9809-D0E8-C16D-BEAAAD1D6352}</UniqueIdentifier>
    </Filter>
    <Filter Include="Libraries\include\spirv_reflect">
      <UniqueIdentifier>{1C9A4D65-887D-5CA5-9180-8AE1FDE222F6}</UniqueIdentifier>
    </Filter>
    <Filter Include="Shaders">
      <UniqueIdentifier>{EFAC8DF2-5B8C-0C8E-64A4-9764D00273EF}</UniqueIdentifier>
    </Filter>
    <Filter Include="src">
      <UniqueIdentifier>{2DAB880B-99B4-887C-2230-9F7C8E38947C}</UniqueIdentifier>
    </Filter>
    <Filter Include="src\Console">
      <UniqueIdentifier>{4F9F6B3D-BB54-E432-4449-DE09B0FDDA36}</UniqueIdentifier>
    </Filter>
    <Filter Include="src\Renderer">
      <UniqueIdentifier>{73D1DFBF-5F34-6F64-08BA-A71AF4FB3AE7}</UniqueIdentifier>
    </Filter>
    <Filter Include="src\Renderer\MaterialSystem">
      <UniqueIdentifier>{D6ADC3C5-42BB-F1AB-CBA1-ED9637AEBD62}</UniqueIdentifier>
    </Filter>
    <Filter Include="src\Renderer\Vulkan">
      <UniqueIdentifier>{935F6C22-FFC0-4930-882E-90E2F48E80EF}</UniqueIdentifier>
    </Filter>
  </ItemGroup>
  <ItemGroup>
    <ClInclude Include="src\Console\CVAR.h">
      <Filter>src\Console</Filter>
    </ClInclude>
    <ClInclude Include="src\DeletionQueue.h">
      <Filter>src</Filter>
    </ClInclude>
    <ClInclude Include="src\Logger.h">
      <Filter>src</Filter>
    </ClInclude>
    <ClInclude Include="src\Renderer\Buffer.h">
      <Filter>src\Renderer</Filter>
    </ClInclude>
    <ClInclude Include="src\Renderer\Camera.h">
      <Filter>src\Renderer</Filter>
    </ClInclude>
    <ClInclude Include="src\Renderer\Descriptors.h">
      <Filter>src\Renderer</Filter>
    </ClInclude>
    <ClInclude Include="src\Renderer\Image.h">
      <Filter>src\Renderer</Filter>
    </ClInclude>
    <ClInclude Include="src\Renderer\IndexBuffer.h">
      <Filter>src\Renderer</Filter>
    </ClInclude>
    <ClInclude Include="src\Renderer\MaterialSystem\MaterialSystem.h">
      <Filter>src\Renderer\MaterialSystem</Filter>
    </ClInclude>
    <ClInclude Include="src\Renderer\MaterialSystem\Shaders.h">
      <Filter>src\Renderer\MaterialSystem</Filter>
    </ClInclude>
    <ClInclude Include="src\Renderer\Mesh.h">
      <Filter>src\Renderer</Filter>
    </ClInclude>
    <ClInclude Include="src\Renderer\PushBuffer.h">
      <Filter>src\Renderer</Filter>
    </ClInclude>
    <ClInclude Include="src\Renderer\RenderObject.h">
      <Filter>src\Renderer</Filter>
    </ClInclude>
    <ClInclude Include="src\Renderer\Scene.h">
      <Filter>src\Renderer</Filter>
    </ClInclude>
    <ClInclude Include="src\Renderer\Texture.h">
      <Filter>src\Renderer</Filter>
    </ClInclude>
    <ClInclude Include="src\Renderer\TextureSampler.h">
      <Filter>src\Renderer</Filter>
    </ClInclude>
    <ClInclude Include="src\Renderer\Vertex.h">
      <Filter>src\Renderer</Filter>
    </ClInclude>
    <ClInclude Include="src\Renderer\VertexBuffer.h">
      <Filter>src\Renderer</Filter>
    </ClInclude>
    <ClInclude Include="src\Renderer\Vulkan\CommandBuffer.h">
      <Filter>src\Renderer\Vulkan</Filter>
    </ClInclude>
    <ClInclude Include="src\Renderer\Vulkan\CommandPool.h">
      <Filter>src\Renderer\Vulkan</Filter>
    </ClInclude>
    <ClInclude Include="src\Renderer\Vulkan\LogicalDevice.h">
      <Filter>src\Renderer\Vulkan</Filter>
    </ClInclude>
    <ClInclude Include="src\Renderer\Vulkan\PhysicalDevice.h">
      <Filter>src\Renderer\Vulkan</Filter>
    </ClInclude>
    <ClInclude Include="src\Renderer\Vulkan\Pipeline.h">
      <Filter>src\Renderer\Vulkan</Filter>
    </ClInclude>
    <ClInclude Include="src\Renderer\Vulkan\PipelineBarriers.h">
      <Filter>src\Renderer\Vulkan</Filter>
    </ClInclude>
    <ClInclude Include="src\Renderer\Vulkan\Queue.h">
      <Filter>src\Renderer\Vulkan</Filter>
    </ClInclude>
    <ClInclude Include="src\Renderer\Vulkan\RenderPass.h">
      <Filter>src\Renderer\Vulkan</Filter>
    </ClInclude>
    <ClInclude Include="src\Renderer\Vulkan\Surface.h">
      <Filter>src\Renderer\Vulkan</Filter>
    </ClInclude>
    <ClInclude Include="src\Renderer\Vulkan\Swapchain.h">
      <Filter>src\Renderer\Vulkan</Filter>
    </ClInclude>
    <ClInclude Include="src\Renderer\Vulkan\Framebuffer.h">
      <Filter>src\Renderer\Vulkan</Filter>
    </ClInclude>
    <ClInclude Include="src\Renderer\Vulkan\VulkanInstance.h">
      <Filter>src\Renderer\Vulkan</Filter>
    </ClInclude>
    <ClInclude Include="src\Renderer\VulkanProfiler.h">
      <Filter>src\Renderer</Filter>
    </ClInclude>
    <ClInclude Include="src\Renderer\Window.h">
      <Filter>src\Renderer</Filter>
    </ClInclude>
    <ClInclude Include="src\StringHash.h">
      <Filter>src</Filter>
    </ClInclude>
    <ClInclude Include="src\VulkanEngine.h">
      <Filter>src</Filter>
    </ClInclude>
    <ClInclude Include="src\Renderer\TextureCube.h" />
    <ClInclude Include="src\Renderer\Light.h" />
    <ClInclude Include="src\LimitedVector.h" />
  </ItemGroup>
  <ItemGroup>
    <ClCompile Include="..\Libraries\include\fmt\src\format.cc">
      <Filter>Libraries\include\fmt\src</Filter>
    </ClCompile>
    <ClCompile Include="..\Libraries\include\fmt\src\os.cc">
      <Filter>Libraries\include\fmt\src</Filter>
    </ClCompile>
    <ClCompile Include="..\Libraries\include\imgui\backends\imgui_impl_glfw.cpp">
      <Filter>Libraries\include\imgui\backends</Filter>
    </ClCompile>
    <ClCompile Include="..\Libraries\include\imgui\backends\imgui_impl_vulkan.cpp">
      <Filter>Libraries\include\imgui\backends</Filter>
    </ClCompile>
    <ClCompile Include="..\Libraries\include\imgui\imgui.cpp">
      <Filter>Libraries\include\imgui</Filter>
    </ClCompile>
    <ClCompile Include="..\Libraries\include\imgui\imgui_demo.cpp">
      <Filter>Libraries\include\imgui</Filter>
    </ClCompile>
    <ClCompile Include="..\Libraries\include\imgui\imgui_draw.cpp">
      <Filter>Libraries\include\imgui</Filter>
    </ClCompile>
    <ClCompile Include="..\Libraries\include\imgui\imgui_tables.cpp">
      <Filter>Libraries\include\imgui</Filter>
    </ClCompile>
    <ClCompile Include="..\Libraries\include\imgui\imgui_widgets.cpp">
      <Filter>Libraries\include\imgui</Filter>
    </ClCompile>
    <ClCompile Include="..\Libraries\include\imgui\misc\cpp\imgui_stdlib.cpp">
      <Filter>Libraries\include\imgui\misc\cpp</Filter>
    </ClCompile>
    <ClCompile Include="..\Libraries\include\spirv_reflect\spirv_reflect.c">
      <Filter>Libraries\include\spirv_reflect</Filter>
    </ClCompile>
    <ClCompile Include="src\Console\CVAR.cpp">
      <Filter>src\Console</Filter>
    </ClCompile>
    <ClCompile Include="src\Renderer\Camera.cpp">
      <Filter>src\Renderer</Filter>
    </ClCompile>
    <ClCompile Include="src\Renderer\Descriptors.cpp">
      <Filter>src\Renderer</Filter>
    </ClCompile>
    <ClCompile Include="src\Renderer\Image.cpp">
      <Filter>src\Renderer</Filter>
    </ClCompile>
    <ClCompile Include="src\Renderer\IndexBuffer.cpp">
      <Filter>src\Renderer</Filter>
    </ClCompile>
    <ClCompile Include="src\Renderer\MaterialSystem\MaterialSystem.cpp">
      <Filter>src\Renderer\MaterialSystem</Filter>
    </ClCompile>
    <ClCompile Include="src\Renderer\MaterialSystem\Shaders.cpp">
      <Filter>src\Renderer\MaterialSystem</Filter>
    </ClCompile>
    <ClCompile Include="src\Renderer\Mesh.cpp">
      <Filter>src\Renderer</Filter>
    </ClCompile>
    <ClCompile Include="src\Renderer\PushBuffer.cpp">
      <Filter>src\Renderer</Filter>
    </ClCompile>
    <ClCompile Include="src\Renderer\Scene.cpp">
      <Filter>src\Renderer</Filter>
    </ClCompile>
    <ClCompile Include="src\Renderer\Texture.cpp">
      <Filter>src\Renderer</Filter>
    </ClCompile>
    <ClCompile Include="src\Renderer\TextureSampler.cpp">
      <Filter>src\Renderer</Filter>
    </ClCompile>
    <ClCompile Include="src\Renderer\VertexBuffer.cpp">
      <Filter>src\Renderer</Filter>
    </ClCompile>
    <ClCompile Include="src\Renderer\Vulkan\CommandBuffer.cpp">
      <Filter>src\Renderer\Vulkan</Filter>
    </ClCompile>
    <ClCompile Include="src\Renderer\Vulkan\CommandPool.cpp">
      <Filter>src\Renderer\Vulkan</Filter>
    </ClCompile>
    <ClCompile Include="src\Renderer\Vulkan\LogicalDevice.cpp">
      <Filter>src\Renderer\Vulkan</Filter>
    </ClCompile>
    <ClCompile Include="src\Renderer\Vulkan\PhysicalDevice.cpp">
      <Filter>src\Renderer\Vulkan</Filter>
    </ClCompile>
    <ClCompile Include="src\Renderer\Vulkan\Pipeline.cpp">
      <Filter>src\Renderer\Vulkan</Filter>
    </ClCompile>
    <ClCompile Include="src\Renderer\Vulkan\PipelineBarriers.cpp">
      <Filter>src\Renderer\Vulkan</Filter>
    </ClCompile>
    <ClCompile Include="src\Renderer\Vulkan\Queue.cpp">
      <Filter>src\Renderer\Vulkan</Filter>
    </ClCompile>
    <ClCompile Include="src\Renderer\Vulkan\RenderPass.cpp">
      <Filter>src\Renderer\Vulkan</Filter>
    </ClCompile>
    <ClCompile Include="src\Renderer\Vulkan\Surface.cpp">
      <Filter>src\Renderer\Vulkan</Filter>
    </ClCompile>
    <ClCompile Include="src\Renderer\Vulkan\Swapchain.cpp">
      <Filter>src\Renderer\Vulkan</Filter>
    </ClCompile>
    <ClCompile Include="src\Renderer\Vulkan\Framebuffer.cpp">
      <Filter>src\Renderer\Vulkan</Filter>
    </ClCompile>
    <ClCompile Include="src\Renderer\Vulkan\VulkanInstance.cpp">
      <Filter>src\Renderer\Vulkan</Filter>
    </ClCompile>
    <ClCompile Include="src\Renderer\VulkanProfiler.cpp">
      <Filter>src\Renderer</Filter>
    </ClCompile>
    <ClCompile Include="src\Renderer\Window.cpp">
      <Filter>src\Renderer</Filter>
    </ClCompile>
    <ClCompile Include="src\VulkanEngine.cpp">
      <Filter>src</Filter>
    </ClCompile>
    <ClCompile Include="src\main.cpp">
      <Filter>src</Filter>
    </ClCompile>
    <ClCompile Include="src\Renderer\TextureCube.cpp" />
    <ClCompile Include="src\Renderer\Light.cpp" />
  </ItemGroup>
  <ItemGroup>
    <None Include="Shaders\default_lit.frag">
      <Filter>Shaders</Filter>
    </None>
    <None Include="Shaders\mesh_instanced.vert">
      <Filter>Shaders</Filter>
    </None>
    <None Include="Shaders\textured_lit.frag">
      <Filter>Shaders</Filter>
    </None>
    <None Include="Shaders\sparse_upload.comp" />
    <None Include="Shaders\normals.geom" />
    <None Include="Shaders\depth_reduce.comp" />
    <None Include="Shaders\indirect_compute.comp" />
    <None Include="Shaders\normals.vert" />
    <None Include="Shaders\normals.frag" />
    <None Include="Shaders\blit.vert" />
    <None Include="Shaders\blit.frag" />
    <None Include="Shaders\skybox.vert" />
    <None Include="Shaders\skybox.frag" />
    <None Include="Shaders\mesh_instanced_shadowcast.vert" />
    <None Include="Shaders\axes.vert" />
    <None Include="Shaders\axes.geom" />
    <None Include="Shaders\axes.frag" />
    <None Include="Shaders\default.vert" />
    <None Include="Shaders\default.frag" />
    <None Include="Shaders\mesh_instanced_shadowcast_point.vert" />
    <None Include="Shaders\shadowcast_point.geom" />
    <None Include="Shaders\shadowcast_point.frag" />
    <None Include="Shaders\shadowcast.geom" />
    <None Include="Shaders\textured_lit_emissive.frag" />
    <None Include="Shaders\blur.frag" />
  </ItemGroup>
</Project>